// !$*UTF8*$!
{
	archiveVersion = 1;
	classes = {
	};
	objectVersion = 46;
	objects = {

/* Begin PBXBuildFile section */
		53268D771AEA7D0100BCC77A /* AppDelegate.swift in Sources */ = {isa = PBXBuildFile; fileRef = 53268D761AEA7D0100BCC77A /* AppDelegate.swift */; };
		53268D7A1AEA7D0100BCC77A /* DNapp.xcdatamodeld in Sources */ = {isa = PBXBuildFile; fileRef = 53268D781AEA7D0100BCC77A /* DNapp.xcdatamodeld */; };
		53268D7C1AEA7D0100BCC77A /* ViewController.swift in Sources */ = {isa = PBXBuildFile; fileRef = 53268D7B1AEA7D0100BCC77A /* ViewController.swift */; };
		53268D7F1AEA7D0100BCC77A /* Main.storyboard in Resources */ = {isa = PBXBuildFile; fileRef = 53268D7D1AEA7D0100BCC77A /* Main.storyboard */; };
		53268D811AEA7D0100BCC77A /* Images.xcassets in Resources */ = {isa = PBXBuildFile; fileRef = 53268D801AEA7D0100BCC77A /* Images.xcassets */; };
		53268D841AEA7D0100BCC77A /* LaunchScreen.xib in Resources */ = {isa = PBXBuildFile; fileRef = 53268D821AEA7D0100BCC77A /* LaunchScreen.xib */; };
		53268D901AEA7D0100BCC77A /* DNappTests.swift in Sources */ = {isa = PBXBuildFile; fileRef = 53268D8F1AEA7D0100BCC77A /* DNappTests.swift */; };
		53268D9A1AEA92FD00BCC77A /* Spring in Resources */ = {isa = PBXBuildFile; fileRef = 53268D991AEA92FD00BCC77A /* Spring */; };
/* End PBXBuildFile section */

/* Begin PBXContainerItemProxy section */
		53268D8A1AEA7D0100BCC77A /* PBXContainerItemProxy */ = {
			isa = PBXContainerItemProxy;
			containerPortal = 53268D691AEA7D0100BCC77A /* Project object */;
			proxyType = 1;
			remoteGlobalIDString = 53268D701AEA7D0100BCC77A;
			remoteInfo = DNapp;
		};
/* End PBXContainerItemProxy section */

/* Begin PBXFileReference section */
		53268D711AEA7D0100BCC77A /* DNapp.app */ = {isa = PBXFileReference; explicitFileType = wrapper.application; includeInIndex = 0; path = DNapp.app; sourceTree = BUILT_PRODUCTS_DIR; };
		53268D751AEA7D0100BCC77A /* Info.plist */ = {isa = PBXFileReference; lastKnownFileType = text.plist.xml; path = Info.plist; sourceTree = "<group>"; };
		53268D761AEA7D0100BCC77A /* AppDelegate.swift */ = {isa = PBXFileReference; lastKnownFileType = sourcecode.swift; path = AppDelegate.swift; sourceTree = "<group>"; };
		53268D791AEA7D0100BCC77A /* DNapp.xcdatamodel */ = {isa = PBXFileReference; lastKnownFileType = wrapper.xcdatamodel; path = DNapp.xcdatamodel; sourceTree = "<group>"; };
		53268D7B1AEA7D0100BCC77A /* ViewController.swift */ = {isa = PBXFileReference; lastKnownFileType = sourcecode.swift; path = ViewController.swift; sourceTree = "<group>"; };
		53268D7E1AEA7D0100BCC77A /* Base */ = {isa = PBXFileReference; lastKnownFileType = file.storyboard; name = Base; path = Base.lproj/Main.storyboard; sourceTree = "<group>"; };
		53268D801AEA7D0100BCC77A /* Images.xcassets */ = {isa = PBXFileReference; lastKnownFileType = folder.assetcatalog; path = Images.xcassets; sourceTree = "<group>"; };
		53268D831AEA7D0100BCC77A /* Base */ = {isa = PBXFileReference; lastKnownFileType = file.xib; name = Base; path = Base.lproj/LaunchScreen.xib; sourceTree = "<group>"; };
		53268D891AEA7D0100BCC77A /* DNappTests.xctest */ = {isa = PBXFileReference; explicitFileType = wrapper.cfbundle; includeInIndex = 0; path = DNappTests.xctest; sourceTree = BUILT_PRODUCTS_DIR; };
		53268D8E1AEA7D0100BCC77A /* Info.plist */ = {isa = PBXFileReference; lastKnownFileType = text.plist.xml; path = Info.plist; sourceTree = "<group>"; };
		53268D8F1AEA7D0100BCC77A /* DNappTests.swift */ = {isa = PBXFileReference; lastKnownFileType = sourcecode.swift; path = DNappTests.swift; sourceTree = "<group>"; };
		53268D991AEA92FD00BCC77A /* Spring */ = {isa = PBXFileReference; lastKnownFileType = folder; path = Spring; sourceTree = "<group>"; };
/* End PBXFileReference section */

/* Begin PBXFrameworksBuildPhase section */
		53268D6E1AEA7D0100BCC77A /* Frameworks */ = {
			isa = PBXFrameworksBuildPhase;
			buildActionMask = 2147483647;
			files = (
			);
			runOnlyForDeploymentPostprocessing = 0;
		};
		53268D861AEA7D0100BCC77A /* Frameworks */ = {
			isa = PBXFrameworksBuildPhase;
			buildActionMask = 2147483647;
			files = (
			);
			runOnlyForDeploymentPostprocessing = 0;
		};
/* End PBXFrameworksBuildPhase section */

/* Begin PBXGroup section */
		53268D681AEA7D0100BCC77A = {
			isa = PBXGroup;
			children = (
				53268D731AEA7D0100BCC77A /* DNapp */,
				53268D8C1AEA7D0100BCC77A /* DNappTests */,
				53268D721AEA7D0100BCC77A /* Products */,
			);
			sourceTree = "<group>";
		};
		53268D721AEA7D0100BCC77A /* Products */ = {
			isa = PBXGroup;
			children = (
				53268D711AEA7D0100BCC77A /* DNapp.app */,
				53268D891AEA7D0100BCC77A /* DNappTests.xctest */,
			);
			name = Products;
			sourceTree = "<group>";
		};
		53268D731AEA7D0100BCC77A /* DNapp */ = {
			isa = PBXGroup;
			children = (
				53268D991AEA92FD00BCC77A /* Spring */,
				53268D761AEA7D0100BCC77A /* AppDelegate.swift */,
				53268D7B1AEA7D0100BCC77A /* ViewController.swift */,
				53268D7D1AEA7D0100BCC77A /* Main.storyboard */,
				53268D801AEA7D0100BCC77A /* Images.xcassets */,
				53268D821AEA7D0100BCC77A /* LaunchScreen.xib */,
				53268D781AEA7D0100BCC77A /* DNapp.xcdatamodeld */,
				53268D741AEA7D0100BCC77A /* Supporting Files */,
			);
			path = DNapp;
			sourceTree = "<group>";
		};
		53268D741AEA7D0100BCC77A /* Supporting Files */ = {
			isa = PBXGroup;
			children = (
				53268D751AEA7D0100BCC77A /* Info.plist */,
			);
			name = "Supporting Files";
			sourceTree = "<group>";
		};
		53268D8C1AEA7D0100BCC77A /* DNappTests */ = {
			isa = PBXGroup;
			children = (
				53268D8F1AEA7D0100BCC77A /* DNappTests.swift */,
				53268D8D1AEA7D0100BCC77A /* Supporting Files */,
			);
			path = DNappTests;
			sourceTree = "<group>";
		};
		53268D8D1AEA7D0100BCC77A /* Supporting Files */ = {
			isa = PBXGroup;
			children = (
				53268D8E1AEA7D0100BCC77A /* Info.plist */,
			);
			name = "Supporting Files";
			sourceTree = "<group>";
		};
/* End PBXGroup section */

/* Begin PBXNativeTarget section */
		53268D701AEA7D0100BCC77A /* DNapp */ = {
			isa = PBXNativeTarget;
			buildConfigurationList = 53268D931AEA7D0100BCC77A /* Build configuration list for PBXNativeTarget "DNapp" */;
			buildPhases = (
				53268D6D1AEA7D0100BCC77A /* Sources */,
				53268D6E1AEA7D0100BCC77A /* Frameworks */,
				53268D6F1AEA7D0100BCC77A /* Resources */,
			);
			buildRules = (
			);
			dependencies = (
			);
			name = DNapp;
			productName = DNapp;
			productReference = 53268D711AEA7D0100BCC77A /* DNapp.app */;
			productType = "com.apple.product-type.application";
		};
		53268D881AEA7D0100BCC77A /* DNappTests */ = {
			isa = PBXNativeTarget;
			buildConfigurationList = 53268D961AEA7D0100BCC77A /* Build configuration list for PBXNativeTarget "DNappTests" */;
			buildPhases = (
				53268D851AEA7D0100BCC77A /* Sources */,
				53268D861AEA7D0100BCC77A /* Frameworks */,
				53268D871AEA7D0100BCC77A /* Resources */,
			);
			buildRules = (
			);
			dependencies = (
				53268D8B1AEA7D0100BCC77A /* PBXTargetDependency */,
			);
			name = DNappTests;
			productName = DNappTests;
			productReference = 53268D891AEA7D0100BCC77A /* DNappTests.xctest */;
			productType = "com.apple.product-type.bundle.unit-test";
		};
/* End PBXNativeTarget section */

/* Begin PBXProject section */
		53268D691AEA7D0100BCC77A /* Project object */ = {
			isa = PBXProject;
			attributes = {
				LastUpgradeCheck = 0630;
				ORGANIZATIONNAME = "Brian Best";
				TargetAttributes = {
					53268D701AEA7D0100BCC77A = {
						CreatedOnToolsVersion = 6.3;
					};
					53268D881AEA7D0100BCC77A = {
						CreatedOnToolsVersion = 6.3;
						TestTargetID = 53268D701AEA7D0100BCC77A;
					};
				};
			};
			buildConfigurationList = 53268D6C1AEA7D0100BCC77A /* Build configuration list for PBXProject "DNapp" */;
			compatibilityVersion = "Xcode 3.2";
			developmentRegion = English;
			hasScannedForEncodings = 0;
			knownRegions = (
				en,
				Base,
			);
			mainGroup = 53268D681AEA7D0100BCC77A;
			productRefGroup = 53268D721AEA7D0100BCC77A /* Products */;
			projectDirPath = "";
			projectRoot = "";
			targets = (
				53268D701AEA7D0100BCC77A /* DNapp */,
				53268D881AEA7D0100BCC77A /* DNappTests */,
			);
		};
/* End PBXProject section */

/* Begin PBXResourcesBuildPhase section */
		53268D6F1AEA7D0100BCC77A /* Resources */ = {
			isa = PBXResourcesBuildPhase;
			buildActionMask = 2147483647;
			files = (
				53268D7F1AEA7D0100BCC77A /* Main.storyboard in Resources */,
				53268D9A1AEA92FD00BCC77A /* Spring in Resources */,
				53268D841AEA7D0100BCC77A /* LaunchScreen.xib in Resources */,
				53268D811AEA7D0100BCC77A /* Images.xcassets in Resources */,
			);
			runOnlyForDeploymentPostprocessing = 0;
		};
		53268D871AEA7D0100BCC77A /* Resources */ = {
			isa = PBXResourcesBuildPhase;
			buildActionMask = 2147483647;
			files = (
			);
			runOnlyForDeploymentPostprocessing = 0;
		};
/* End PBXResourcesBuildPhase section */

/* Begin PBXSourcesBuildPhase section */
		53268D6D1AEA7D0100BCC77A /* Sources */ = {
			isa = PBXSourcesBuildPhase;
			buildActionMask = 2147483647;
			files = (
				53268D7C1AEA7D0100BCC77A /* ViewController.swift in Sources */,
				53268D771AEA7D0100BCC77A /* AppDelegate.swift in Sources */,
				53268D7A1AEA7D0100BCC77A /* DNapp.xcdatamodeld in Sources */,
			);
			runOnlyForDeploymentPostprocessing = 0;
		};
		53268D851AEA7D0100BCC77A /* Sources */ = {
			isa = PBXSourcesBuildPhase;
			buildActionMask = 2147483647;
			files = (
				53268D901AEA7D0100BCC77A /* DNappTests.swift in Sources */,
			);
			runOnlyForDeploymentPostprocessing = 0;
		};
/* End PBXSourcesBuildPhase section */

/* Begin PBXTargetDependency section */
		53268D8B1AEA7D0100BCC77A /* PBXTargetDependency */ = {
			isa = PBXTargetDependency;
			target = 53268D701AEA7D0100BCC77A /* DNapp */;
			targetProxy = 53268D8A1AEA7D0100BCC77A /* PBXContainerItemProxy */;
		};
/* End PBXTargetDependency section */

/* Begin PBXVariantGroup section */
		53268D7D1AEA7D0100BCC77A /* Main.storyboard */ = {
			isa = PBXVariantGroup;
			children = (
				53268D7E1AEA7D0100BCC77A /* Base */,
			);
			name = Main.storyboard;
			sourceTree = "<group>";
		};
		53268D821AEA7D0100BCC77A /* LaunchScreen.xib */ = {
			isa = PBXVariantGroup;
			children = (
				53268D831AEA7D0100BCC77A /* Base */,
			);
			name = LaunchScreen.xib;
			sourceTree = "<group>";
		};
/* End PBXVariantGroup section */

/* Begin XCBuildConfiguration section */
		53268D911AEA7D0100BCC77A /* Debug */ = {
			isa = XCBuildConfiguration;
			buildSettings = {
				ALWAYS_SEARCH_USER_PATHS = NO;
				CLANG_CXX_LANGUAGE_STANDARD = "gnu++0x";
				CLANG_CXX_LIBRARY = "libc++";
				CLANG_ENABLE_MODULES = YES;
				CLANG_ENABLE_OBJC_ARC = YES;
				CLANG_WARN_BOOL_CONVERSION = YES;
				CLANG_WARN_CONSTANT_CONVERSION = YES;
				CLANG_WARN_DIRECT_OBJC_ISA_USAGE = YES_ERROR;
				CLANG_WARN_EMPTY_BODY = YES;
				CLANG_WARN_ENUM_CONVERSION = YES;
				CLANG_WARN_INT_CONVERSION = YES;
				CLANG_WARN_OBJC_ROOT_CLASS = YES_ERROR;
				CLANG_WARN_UNREACHABLE_CODE = YES;
				CLANG_WARN__DUPLICATE_METHOD_MATCH = YES;
				"CODE_SIGN_IDENTITY[sdk=iphoneos*]" = "iPhone Developer";
				COPY_PHASE_STRIP = NO;
				DEBUG_INFORMATION_FORMAT = "dwarf-with-dsym";
				ENABLE_STRICT_OBJC_MSGSEND = YES;
				GCC_C_LANGUAGE_STANDARD = gnu99;
				GCC_DYNAMIC_NO_PIC = NO;
				GCC_NO_COMMON_BLOCKS = YES;
				GCC_OPTIMIZATION_LEVEL = 0;
				GCC_PREPROCESSOR_DEFINITIONS = (
					"DEBUG=1",
					"$(inherited)",
				);
				GCC_SYMBOLS_PRIVATE_EXTERN = NO;
				GCC_WARN_64_TO_32_BIT_CONVERSION = YES;
				GCC_WARN_ABOUT_RETURN_TYPE = YES_ERROR;
				GCC_WARN_UNDECLARED_SELECTOR = YES;
				GCC_WARN_UNINITIALIZED_AUTOS = YES_AGGRESSIVE;
				GCC_WARN_UNUSED_FUNCTION = YES;
				GCC_WARN_UNUSED_VARIABLE = YES;
				IPHONEOS_DEPLOYMENT_TARGET = 8.3;
				MTL_ENABLE_DEBUG_INFO = YES;
				ONLY_ACTIVE_ARCH = YES;
				SDKROOT = iphoneos;
				SWIFT_OPTIMIZATION_LEVEL = "-Onone";
			};
			name = Debug;
		};
		53268D921AEA7D0100BCC77A /* Release */ = {
			isa = XCBuildConfiguration;
			buildSettings = {
				ALWAYS_SEARCH_USER_PATHS = NO;
				CLANG_CXX_LANGUAGE_STANDARD = "gnu++0x";
				CLANG_CXX_LIBRARY = "libc++";
				CLANG_ENABLE_MODULES = YES;
				CLANG_ENABLE_OBJC_ARC = YES;
				CLANG_WARN_BOOL_CONVERSION = YES;
				CLANG_WARN_CONSTANT_CONVERSION = YES;
				CLANG_WARN_DIRECT_OBJC_ISA_USAGE = YES_ERROR;
				CLANG_WARN_EMPTY_BODY = YES;
				CLANG_WARN_ENUM_CONVERSION = YES;
				CLANG_WARN_INT_CONVERSION = YES;
				CLANG_WARN_OBJC_ROOT_CLASS = YES_ERROR;
				CLANG_WARN_UNREACHABLE_CODE = YES;
				CLANG_WARN__DUPLICATE_METHOD_MATCH = YES;
				"CODE_SIGN_IDENTITY[sdk=iphoneos*]" = "iPhone Developer";
				COPY_PHASE_STRIP = NO;
				DEBUG_INFORMATION_FORMAT = "dwarf-with-dsym";
				ENABLE_NS_ASSERTIONS = NO;
				ENABLE_STRICT_OBJC_MSGSEND = YES;
				GCC_C_LANGUAGE_STANDARD = gnu99;
				GCC_NO_COMMON_BLOCKS = YES;
				GCC_WARN_64_TO_32_BIT_CONVERSION = YES;
				GCC_WARN_ABOUT_RETURN_TYPE = YES_ERROR;
				GCC_WARN_UNDECLARED_SELECTOR = YES;
				GCC_WARN_UNINITIALIZED_AUTOS = YES_AGGRESSIVE;
				GCC_WARN_UNUSED_FUNCTION = YES;
				GCC_WARN_UNUSED_VARIABLE = YES;
				IPHONEOS_DEPLOYMENT_TARGET = 8.3;
				MTL_ENABLE_DEBUG_INFO = NO;
				SDKROOT = iphoneos;
				VALIDATE_PRODUCT = YES;
			};
			name = Release;
		};
		53268D941AEA7D0100BCC77A /* Debug */ = {
			isa = XCBuildConfiguration;
			buildSettings = {
				ASSETCATALOG_COMPILER_APPICON_NAME = AppIcon;
				INFOPLIST_FILE = DNapp/Info.plist;
				LD_RUNPATH_SEARCH_PATHS = "$(inherited) @executable_path/Frameworks";
				PRODUCT_NAME = "$(TARGET_NAME)";
			};
			name = Debug;
		};
		53268D951AEA7D0100BCC77A /* Release */ = {
			isa = XCBuildConfiguration;
			buildSettings = {
				ASSETCATALOG_COMPILER_APPICON_NAME = AppIcon;
				INFOPLIST_FILE = DNapp/Info.plist;
				LD_RUNPATH_SEARCH_PATHS = "$(inherited) @executable_path/Frameworks";
				PRODUCT_NAME = "$(TARGET_NAME)";
			};
			name = Release;
		};
		53268D971AEA7D0100BCC77A /* Debug */ = {
			isa = XCBuildConfiguration;
			buildSettings = {
				BUNDLE_LOADER = "$(TEST_HOST)";
				FRAMEWORK_SEARCH_PATHS = (
					"$(SDKROOT)/Developer/Library/Frameworks",
					"$(inherited)",
				);
				GCC_PREPROCESSOR_DEFINITIONS = (
					"DEBUG=1",
					"$(inherited)",
				);
				INFOPLIST_FILE = DNappTests/Info.plist;
				LD_RUNPATH_SEARCH_PATHS = "$(inherited) @executable_path/Frameworks @loader_path/Frameworks";
				PRODUCT_NAME = "$(TARGET_NAME)";
				TEST_HOST = "$(BUILT_PRODUCTS_DIR)/DNapp.app/DNapp";
			};
			name = Debug;
		};
		53268D981AEA7D0100BCC77A /* Release */ = {
			isa = XCBuildConfiguration;
			buildSettings = {
				BUNDLE_LOADER = "$(TEST_HOST)";
				FRAMEWORK_SEARCH_PATHS = (
					"$(SDKROOT)/Developer/Library/Frameworks",
					"$(inherited)",
				);
				INFOPLIST_FILE = DNappTests/Info.plist;
				LD_RUNPATH_SEARCH_PATHS = "$(inherited) @executable_path/Frameworks @loader_path/Frameworks";
				PRODUCT_NAME = "$(TARGET_NAME)";
				TEST_HOST = "$(BUILT_PRODUCTS_DIR)/DNapp.app/DNapp";
			};
			name = Release;
		};
/* End XCBuildConfiguration section */

/* Begin XCConfigurationList section */
		53268D6C1AEA7D0100BCC77A /* Build configuration list for PBXProject "DNapp" */ = {
			isa = XCConfigurationList;
			buildConfigurations = (
				53268D911AEA7D0100BCC77A /* Debug */,
				53268D921AEA7D0100BCC77A /* Release */,
			);
			defaultConfigurationIsVisible = 0;
			defaultConfigurationName = Release;
		};
		53268D931AEA7D0100BCC77A /* Build configuration list for PBXNativeTarget "DNapp" */ = {
			isa = XCConfigurationList;
			buildConfigurations = (
				53268D941AEA7D0100BCC77A /* Debug */,
				53268D951AEA7D0100BCC77A /* Release */,
			);
			defaultConfigurationIsVisible = 0;
		};
		53268D961AEA7D0100BCC77A /* Build configuration list for PBXNativeTarget "DNappTests" */ = {
			isa = XCConfigurationList;
			buildConfigurations = (
				53268D971AEA7D0100BCC77A /* Debug */,
				53268D981AEA7D0100BCC77A /* Release */,
			);
			defaultConfigurationIsVisible = 0;
		};
/* End XCConfigurationList section */

/* Begin XCVersionGroup section */
		53268D781AEA7D0100BCC77A /* DNapp.xcdatamodeld */ = {
			isa = XCVersionGroup;
			children = (
				53268D791AEA7D0100BCC77A /* DNapp.xcdatamodel */,
			);
			currentVersion = 53268D791AEA7D0100BCC77A /* DNapp.xcdatamodel */;
			path = DNapp.xcdatamodeld;
			sourceTree = "<group>";
			versionGroupType = wrapper.xcdatamodel;
		};
/* End XCVersionGroup section */
	};
	rootObject = 53268D691AEA7D0100BCC77A /* Project object */;
}
